// !$*UTF8*$!
{
	archiveVersion = 1;
	classes = {
	};
	objectVersion = 50;
	objects = {

/* Begin PBXBuildFile section */
		CCEAD4B521133ED6007F9E80 /* AppDelegate.swift in Sources */ = {isa = PBXBuildFile; fileRef = CCEAD4B421133ED6007F9E80 /* AppDelegate.swift */; };
		CCEAD4B721133ED6007F9E80 /* ViewController.swift in Sources */ = {isa = PBXBuildFile; fileRef = CCEAD4B621133ED6007F9E80 /* ViewController.swift */; };
		CCEAD4BA21133ED6007F9E80 /* Main.storyboard in Resources */ = {isa = PBXBuildFile; fileRef = CCEAD4B821133ED6007F9E80 /* Main.storyboard */; };
		CCEAD4BC21133ED7007F9E80 /* Assets.xcassets in Resources */ = {isa = PBXBuildFile; fileRef = CCEAD4BB21133ED7007F9E80 /* Assets.xcassets */; };
		CCEAD4BF21133ED7007F9E80 /* LaunchScreen.storyboard in Resources */ = {isa = PBXBuildFile; fileRef = CCEAD4BD21133ED7007F9E80 /* LaunchScreen.storyboard */; };
		CCEAD4C721134489007F9E80 /* ResultsViewController.swift in Sources */ = {isa = PBXBuildFile; fileRef = CCEAD4C621134489007F9E80 /* ResultsViewController.swift */; };
/* End PBXBuildFile section */

/* Begin PBXFileReference section */
		CCEAD4B121133ED6007F9E80 /* Combative Guide Quiz.app */ = {isa = PBXFileReference; explicitFileType = wrapper.application; includeInIndex = 0; path = "Combative Guide Quiz.app"; sourceTree = BUILT_PRODUCTS_DIR; };
		CCEAD4B421133ED6007F9E80 /* AppDelegate.swift */ = {isa = PBXFileReference; lastKnownFileType = sourcecode.swift; path = AppDelegate.swift; sourceTree = "<group>"; };
		CCEAD4B621133ED6007F9E80 /* ViewController.swift */ = {isa = PBXFileReference; lastKnownFileType = sourcecode.swift; path = ViewController.swift; sourceTree = "<group>"; };
		CCEAD4B921133ED6007F9E80 /* Base */ = {isa = PBXFileReference; lastKnownFileType = file.storyboard; name = Base; path = Base.lproj/Main.storyboard; sourceTree = "<group>"; };
		CCEAD4BB21133ED7007F9E80 /* Assets.xcassets */ = {isa = PBXFileReference; lastKnownFileType = folder.assetcatalog; path = Assets.xcassets; sourceTree = "<group>"; };
		CCEAD4BE21133ED7007F9E80 /* Base */ = {isa = PBXFileReference; lastKnownFileType = file.storyboard; name = Base; path = Base.lproj/LaunchScreen.storyboard; sourceTree = "<group>"; };
		CCEAD4C021133ED7007F9E80 /* Info.plist */ = {isa = PBXFileReference; lastKnownFileType = text.plist.xml; path = Info.plist; sourceTree = "<group>"; };
		CCEAD4C621134489007F9E80 /* ResultsViewController.swift */ = {isa = PBXFileReference; lastKnownFileType = sourcecode.swift; path = ResultsViewController.swift; sourceTree = "<group>"; };
/* End PBXFileReference section */

/* Begin PBXFrameworksBuildPhase section */
		CCEAD4AE21133ED6007F9E80 /* Frameworks */ = {
			isa = PBXFrameworksBuildPhase;
			buildActionMask = 2147483647;
			files = (
			);
			runOnlyForDeploymentPostprocessing = 0;
		};
/* End PBXFrameworksBuildPhase section */

/* Begin PBXGroup section */
		CCEAD4A821133ED6007F9E80 = {
			isa = PBXGroup;
			children = (
				CCEAD4B321133ED6007F9E80 /* Combative Guide Quiz */,
				CCEAD4B221133ED6007F9E80 /* Products */,
			);
			sourceTree = "<group>";
		};
		CCEAD4B221133ED6007F9E80 /* Products */ = {
			isa = PBXGroup;
			children = (
				CCEAD4B121133ED6007F9E80 /* Combative Guide Quiz.app */,
			);
			name = Products;
			sourceTree = "<group>";
		};
		CCEAD4B321133ED6007F9E80 /* Combative Guide Quiz */ = {
			isa = PBXGroup;
			children = (
				CCEAD4B421133ED6007F9E80 /* AppDelegate.swift */,
				CCEAD4B621133ED6007F9E80 /* ViewController.swift */,
				CCEAD4C621134489007F9E80 /* ResultsViewController.swift */,
				CCEAD4B821133ED6007F9E80 /* Main.storyboard */,
				CCEAD4BB21133ED7007F9E80 /* Assets.xcassets */,
				CCEAD4BD21133ED7007F9E80 /* LaunchScreen.storyboard */,
				CCEAD4C021133ED7007F9E80 /* Info.plist */,
			);
			path = "Combative Guide Quiz";
			sourceTree = "<group>";
		};
/* End PBXGroup section */

/* Begin PBXNativeTarget section */
		CCEAD4B021133ED6007F9E80 /* Combative Guide Quiz */ = {
			isa = PBXNativeTarget;
			buildConfigurationList = CCEAD4C321133ED7007F9E80 /* Build configuration list for PBXNativeTarget "Combative Guide Quiz" */;
			buildPhases = (
				CCEAD4AD21133ED6007F9E80 /* Sources */,
				CCEAD4AE21133ED6007F9E80 /* Frameworks */,
				CCEAD4AF21133ED6007F9E80 /* Resources */,
			);
			buildRules = (
			);
			dependencies = (
			);
			name = "Combative Guide Quiz";
			productName = "Combative Guide Quiz";
			productReference = CCEAD4B121133ED6007F9E80 /* Combative Guide Quiz.app */;
			productType = "com.apple.product-type.application";
		};
/* End PBXNativeTarget section */

/* Begin PBXProject section */
		CCEAD4A921133ED6007F9E80 /* Project object */ = {
			isa = PBXProject;
			attributes = {
				LastSwiftUpdateCheck = 0940;
				LastUpgradeCheck = 0940;
				ORGANIZATIONNAME = "Girls Who Code";
				TargetAttributes = {
					CCEAD4B021133ED6007F9E80 = {
						CreatedOnToolsVersion = 9.4.1;
					};
				};
			};
			buildConfigurationList = CCEAD4AC21133ED6007F9E80 /* Build configuration list for PBXProject "Combative Guide Quiz" */;
			compatibilityVersion = "Xcode 9.3";
			developmentRegion = en;
			hasScannedForEncodings = 0;
			knownRegions = (
				en,
				Base,
			);
			mainGroup = CCEAD4A821133ED6007F9E80;
			productRefGroup = CCEAD4B221133ED6007F9E80 /* Products */;
			projectDirPath = "";
			projectRoot = "";
			targets = (
				CCEAD4B021133ED6007F9E80 /* Combative Guide Quiz */,
			);
		};
/* End PBXProject section */

/* Begin PBXResourcesBuildPhase section */
		CCEAD4AF21133ED6007F9E80 /* Resources */ = {
			isa = PBXResourcesBuildPhase;
			buildActionMask = 2147483647;
			files = (
				CCEAD4BF21133ED7007F9E80 /* LaunchScreen.storyboard in Resources */,
				CCEAD4BC21133ED7007F9E80 /* Assets.xcassets in Resources */,
				CCEAD4BA21133ED6007F9E80 /* Main.storyboard in Resources */,
			);
			runOnlyForDeploymentPostprocessing = 0;
		};
/* End PBXResourcesBuildPhase section */

/* Begin PBXSourcesBuildPhase section */
		CCEAD4AD21133ED6007F9E80 /* Sources */ = {
			isa = PBXSourcesBuildPhase;
			buildActionMask = 2147483647;
			files = (
				CCEAD4B721133ED6007F9E80 /* ViewController.swift in Sources */,
				CCEAD4B521133ED6007F9E80 /* AppDelegate.swift in Sources */,
				CCEAD4C721134489007F9E80 /* ResultsViewController.swift in Sources */,
			);
			runOnlyForDeploymentPostprocessing = 0;
		};
/* End PBXSourcesBuildPhase section */

/* Begin PBXVariantGroup section */
		CCEAD4B821133ED6007F9E80 /* Main.storyboard */ = {
			isa = PBXVariantGroup;
			children = (
				CCEAD4B921133ED6007F9E80 /* Base */,
			);
			name = Main.storyboard;
			sourceTree = "<group>";
		};
		CCEAD4BD21133ED7007F9E80 /* LaunchScreen.storyboard */ = {
			isa = PBXVariantGroup;
			children = (
				CCEAD4BE21133ED7007F9E80 /* Base */,
			);
			name = LaunchScreen.storyboard;
			sourceTree = "<group>";
		};
/* End PBXVariantGroup section */

/* Begin XCBuildConfiguration section */
		CCEAD4C121133ED7007F9E80 /* Debug */ = {
			isa = XCBuildConfiguration;
			buildSettings = {
				ALWAYS_SEARCH_USER_PATHS = NO;
				CLANG_ANALYZER_NONNULL = YES;
				CLANG_ANALYZER_NUMBER_OBJECT_CONVERSION = YES_AGGRESSIVE;
				CLANG_CXX_LANGUAGE_STANDARD = "gnu++14";
				CLANG_CXX_LIBRARY = "libc++";
				CLANG_ENABLE_MODULES = YES;
				CLANG_ENABLE_OBJC_ARC = YES;
				CLANG_ENABLE_OBJC_WEAK = YES;
				CLANG_WARN_BLOCK_CAPTURE_AUTORELEASING = YES;
				CLANG_WARN_BOOL_CONVERSION = YES;
				CLANG_WARN_COMMA = YES;
				CLANG_WARN_CONSTANT_CONVERSION = YES;
				CLANG_WARN_DEPRECATED_OBJC_IMPLEMENTATIONS = YES;
				CLANG_WARN_DIRECT_OBJC_ISA_USAGE = YES_ERROR;
				CLANG_WARN_DOCUMENTATION_COMMENTS = YES;
				CLANG_WARN_EMPTY_BODY = YES;
				CLANG_WARN_ENUM_CONVERSION = YES;
				CLANG_WARN_INFINITE_RECURSION = YES;
				CLANG_WARN_INT_CONVERSION = YES;
				CLANG_WARN_NON_LITERAL_NULL_CONVERSION = YES;
				CLANG_WARN_OBJC_IMPLICIT_RETAIN_SELF = YES;
				CLANG_WARN_OBJC_LITERAL_CONVERSION = YES;
				CLANG_WARN_OBJC_ROOT_CLASS = YES_ERROR;
				CLANG_WARN_RANGE_LOOP_ANALYSIS = YES;
				CLANG_WARN_STRICT_PROTOTYPES = YES;
				CLANG_WARN_SUSPICIOUS_MOVE = YES;
				CLANG_WARN_UNGUARDED_AVAILABILITY = YES_AGGRESSIVE;
				CLANG_WARN_UNREACHABLE_CODE = YES;
				CLANG_WARN__DUPLICATE_METHOD_MATCH = YES;
				CODE_SIGN_IDENTITY = "iPhone Developer";
				COPY_PHASE_STRIP = NO;
				DEBUG_INFORMATION_FORMAT = dwarf;
				ENABLE_STRICT_OBJC_MSGSEND = YES;
				ENABLE_TESTABILITY = YES;
				GCC_C_LANGUAGE_STANDARD = gnu11;
				GCC_DYNAMIC_NO_PIC = NO;
				GCC_NO_COMMON_BLOCKS = YES;
				GCC_OPTIMIZATION_LEVEL = 0;
				GCC_PREPROCESSOR_DEFINITIONS = (
					"DEBUG=1",
					"$(inherited)",
				);
				GCC_WARN_64_TO_32_BIT_CONVERSION = YES;
				GCC_WARN_ABOUT_RETURN_TYPE = YES_ERROR;
				GCC_WARN_UNDECLARED_SELECTOR = YES;
				GCC_WARN_UNINITIALIZED_AUTOS = YES_AGGRESSIVE;
				GCC_WARN_UNUSED_FUNCTION = YES;
				GCC_WARN_UNUSED_VARIABLE = YES;
				IPHONEOS_DEPLOYMENT_TARGET = 11.4;
				MTL_ENABLE_DEBUG_INFO = YES;
				ONLY_ACTIVE_ARCH = YES;
				SDKROOT = iphoneos;
				SWIFT_ACTIVE_COMPILATION_CONDITIONS = DEBUG;
				SWIFT_OPTIMIZATION_LEVEL = "-Onone";
			};
			name = Debug;
		};
		CCEAD4C221133ED7007F9E80 /* Release */ = {
			isa = XCBuildConfiguration;
			buildSettings = {
				ALWAYS_SEARCH_USER_PATHS = NO;
				CLANG_ANALYZER_NONNULL = YES;
				CLANG_ANALYZER_NUMBER_OBJECT_CONVERSION = YES_AGGRESSIVE;
				CLANG_CXX_LANGUAGE_STANDARD = "gnu++14";
				CLANG_CXX_LIBRARY = "libc++";
				CLANG_ENABLE_MODULES = YES;
				CLANG_ENABLE_OBJC_ARC = YES;
				CLANG_ENABLE_OBJC_WEAK = YES;
				CLANG_WARN_BLOCK_CAPTURE_AUTORELEASING = YES;
				CLANG_WARN_BOOL_CONVERSION = YES;
				CLANG_WARN_COMMA = YES;
				CLANG_WARN_CONSTANT_CONVERSION = YES;
				CLANG_WARN_DEPRECATED_OBJC_IMPLEMENTATIONS = YES;
				CLANG_WARN_DIRECT_OBJC_ISA_USAGE = YES_ERROR;
				CLANG_WARN_DOCUMENTATION_COMMENTS = YES;
				CLANG_WARN_EMPTY_BODY = YES;
				CLANG_WARN_ENUM_CONVERSION = YES;
				CLANG_WARN_INFINITE_RECURSION = YES;
				CLANG_WARN_INT_CONVERSION = YES;
				CLANG_WARN_NON_LITERAL_NULL_CONVERSION = YES;
				CLANG_WARN_OBJC_IMPLICIT_RETAIN_SELF = YES;
				CLANG_WARN_OBJC_LITERAL_CONVERSION = YES;
				CLANG_WARN_OBJC_ROOT_CLASS = YES_ERROR;
				CLANG_WARN_RANGE_LOOP_ANALYSIS = YES;
				CLANG_WARN_STRICT_PROTOTYPES = YES;
				CLANG_WARN_SUSPICIOUS_MOVE = YES;
				CLANG_WARN_UNGUARDED_AVAILABILITY = YES_AGGRESSIVE;
				CLANG_WARN_UNREACHABLE_CODE = YES;
				CLANG_WARN__DUPLICATE_METHOD_MATCH = YES;
				CODE_SIGN_IDENTITY = "iPhone Developer";
				COPY_PHASE_STRIP = NO;
				DEBUG_INFORMATION_FORMAT = "dwarf-with-dsym";
				ENABLE_NS_ASSERTIONS = NO;
				ENABLE_STRICT_OBJC_MSGSEND = YES;
				GCC_C_LANGUAGE_STANDARD = gnu11;
				GCC_NO_COMMON_BLOCKS = YES;
				GCC_WARN_64_TO_32_BIT_CONVERSION = YES;
				GCC_WARN_ABOUT_RETURN_TYPE = YES_ERROR;
				GCC_WARN_UNDECLARED_SELECTOR = YES;
				GCC_WARN_UNINITIALIZED_AUTOS = YES_AGGRESSIVE;
				GCC_WARN_UNUSED_FUNCTION = YES;
				GCC_WARN_UNUSED_VARIABLE = YES;
				IPHONEOS_DEPLOYMENT_TARGET = 11.4;
				MTL_ENABLE_DEBUG_INFO = NO;
				SDKROOT = iphoneos;
				SWIFT_COMPILATION_MODE = wholemodule;
				SWIFT_OPTIMIZATION_LEVEL = "-O";
				VALIDATE_PRODUCT = YES;
			};
			name = Release;
		};
		CCEAD4C421133ED7007F9E80 /* Debug */ = {
			isa = XCBuildConfiguration;
			buildSettings = {
				ASSETCATALOG_COMPILER_APPICON_NAME = AppIcon;
				CODE_SIGN_STYLE = Automatic;
				DEVELOPMENT_TEAM = Q3SVJMS3SK;
				INFOPLIST_FILE = "Combative Guide Quiz/Info.plist";
				LD_RUNPATH_SEARCH_PATHS = (
					"$(inherited)",
					"@executable_path/Frameworks",
				);
				PRODUCT_BUNDLE_IDENTIFIER = "Combative-Guide-for-Gamers.Combative-Guide-Quiz";
				PRODUCT_NAME = "$(TARGET_NAME)";
				SWIFT_VERSION = 4.0;
				TARGETED_DEVICE_FAMILY = "1,2";
			};
			name = Debug;
		};
		CCEAD4C521133ED7007F9E80 /* Release */ = {
			isa = XCBuildConfiguration;
			buildSettings = {
				ASSETCATALOG_COMPILER_APPICON_NAME = AppIcon;
				CODE_SIGN_STYLE = Automatic;
				DEVELOPMENT_TEAM = Q3SVJMS3SK;
				INFOPLIST_FILE = "Combative Guide Quiz/Info.plist";
				LD_RUNPATH_SEARCH_PATHS = (
					"$(inherited)",
					"@executable_path/Frameworks",
				);
				PRODUCT_BUNDLE_IDENTIFIER = "Combative-Guide-for-Gamers.Combative-Guide-Quiz";
				PRODUCT_NAME = "$(TARGET_NAME)";
				SWIFT_VERSION = 4.0;
				TARGETED_DEVICE_FAMILY = "1,2";
			};
			name = Release;
		};
/* End XCBuildConfiguration section */

/* Begin XCConfigurationList section */
		CCEAD4AC21133ED6007F9E80 /* Build configuration list for PBXProject "Combative Guide Quiz" */ = {
			isa = XCConfigurationList;
			buildConfigurations = (
				CCEAD4C121133ED7007F9E80 /* Debug */,
				CCEAD4C221133ED7007F9E80 /* Release */,
			);
			defaultConfigurationIsVisible = 0;
			defaultConfigurationName = Release;
		};
		CCEAD4C321133ED7007F9E80 /* Build configuration list for PBXNativeTarget "Combative Guide Quiz" */ = {
			isa = XCConfigurationList;
			buildConfigurations = (
				CCEAD4C421133ED7007F9E80 /* Debug */,
				CCEAD4C521133ED7007F9E80 /* Release */,
			);
			defaultConfigurationIsVisible = 0;
			defaultConfigurationName = Release;
		};
/* End XCConfigurationList section */
	};
	rootObject = CCEAD4A921133ED6007F9E80 /* Project object */;
}
